
Microsoft Visual Studio Solution File, Format Version 12.00
# Visual Studio Version 16
VisualStudioVersion = 16.0.30717.126
MinimumVisualStudioVersion = 10.0.40219.1
Project("{FAE04EC0-301F-11D3-BF4B-00C04F79EFBC}") = "Trabajo POO", "Trabajo POO\Trabajo POO.csproj", "{4E66F545-43D2-46CD-BA9A-F89C50E81C6B}"
EndProject
Project("{FAE04EC0-301F-11D3-BF4B-00C04F79EFBC}") = "Clases", "Clases\Clases.csproj", "{0C2F28FD-81B7-45F1-B75D-E9B0DF134C78}"
EndProject
Global
	GlobalSection(SolutionConfigurationPlatforms) = preSolution
		Debug|Any CPU = Debug|Any CPU
		Release|Any CPU = Release|Any CPU
	EndGlobalSection
	GlobalSection(ProjectConfigurationPlatforms) = postSolution
		{4E66F545-43D2-46CD-BA9A-F89C50E81C6B}.Debug|Any CPU.ActiveCfg = Debug|Any CPU
		{4E66F545-43D2-46CD-BA9A-F89C50E81C6B}.Debug|Any CPU.Build.0 = Debug|Any CPU
		{4E66F545-43D2-46CD-BA9A-F89C50E81C6B}.Release|Any CPU.ActiveCfg = Release|Any CPU
		{4E66F545-43D2-46CD-BA9A-F89C50E81C6B}.Release|Any CPU.Build.0 = Release|Any CPU
		{0C2F28FD-81B7-45F1-B75D-E9B0DF134C78}.Debug|Any CPU.ActiveCfg = Debug|Any CPU
		{0C2F28FD-81B7-45F1-B75D-E9B0DF134C78}.Debug|Any CPU.Build.0 = Debug|Any CPU
		{0C2F28FD-81B7-45F1-B75D-E9B0DF134C78}.Release|Any CPU.ActiveCfg = Release|Any CPU
		{0C2F28FD-81B7-45F1-B75D-E9B0DF134C78}.Release|Any CPU.Build.0 = Release|Any CPU
	EndGlobalSection
	GlobalSection(SolutionProperties) = preSolution
		HideSolutionNode = FALSE
	EndGlobalSection
	GlobalSection(ExtensibilityGlobals) = postSolution
		SolutionGuid = {135B3254-16B8-488D-AA4D-447176337563}
	EndGlobalSection
EndGlobal
